// !$*UTF8*$!
{
	archiveVersion = 1;
	classes = {
	};
	objectVersion = 50;
	objects = {

/* Begin PBXBuildFile section */
		B53FCF4F2482015E00F058F1 /* AppDelegate.swift in Sources */ = {isa = PBXBuildFile; fileRef = B53FCF4E2482015E00F058F1 /* AppDelegate.swift */; };
		B53FCF512482015E00F058F1 /* SceneDelegate.swift in Sources */ = {isa = PBXBuildFile; fileRef = B53FCF502482015E00F058F1 /* SceneDelegate.swift */; };
		B53FCF532482015E00F058F1 /* ViewController.swift in Sources */ = {isa = PBXBuildFile; fileRef = B53FCF522482015E00F058F1 /* ViewController.swift */; };
		B53FCF562482015E00F058F1 /* Main.storyboard in Resources */ = {isa = PBXBuildFile; fileRef = B53FCF542482015E00F058F1 /* Main.storyboard */; settings = {ASSET_TAGS = ("+", ); }; };
		B53FCF582482016100F058F1 /* Assets.xcassets in Resources */ = {isa = PBXBuildFile; fileRef = B53FCF572482016100F058F1 /* Assets.xcassets */; };
		B53FCF5B2482016100F058F1 /* LaunchScreen.storyboard in Resources */ = {isa = PBXBuildFile; fileRef = B53FCF592482016100F058F1 /* LaunchScreen.storyboard */; };
		B53FCF8F2485859D00F058F1 /* CalculatorButton.swift in Sources */ = {isa = PBXBuildFile; fileRef = B53FCF8E2485859D00F058F1 /* CalculatorButton.swift */; };
		B53FCF91248585B000F058F1 /* Calculator.swift in Sources */ = {isa = PBXBuildFile; fileRef = B53FCF90248585B000F058F1 /* Calculator.swift */; };
/* End PBXBuildFile section */

/* Begin PBXFileReference section */
		B53FCF4B2482015E00F058F1 /* CoolCalc.app */ = {isa = PBXFileReference; explicitFileType = wrapper.application; includeInIndex = 0; path = CoolCalc.app; sourceTree = BUILT_PRODUCTS_DIR; };
		B53FCF4E2482015E00F058F1 /* AppDelegate.swift */ = {isa = PBXFileReference; lastKnownFileType = sourcecode.swift; path = AppDelegate.swift; sourceTree = "<group>"; };
		B53FCF502482015E00F058F1 /* SceneDelegate.swift */ = {isa = PBXFileReference; lastKnownFileType = sourcecode.swift; path = SceneDelegate.swift; sourceTree = "<group>"; };
		B53FCF522482015E00F058F1 /* ViewController.swift */ = {isa = PBXFileReference; lastKnownFileType = sourcecode.swift; path = ViewController.swift; sourceTree = "<group>"; };
		B53FCF552482015E00F058F1 /* Base */ = {isa = PBXFileReference; lastKnownFileType = file.storyboard; name = Base; path = Base.lproj/Main.storyboard; sourceTree = "<group>"; };
		B53FCF572482016100F058F1 /* Assets.xcassets */ = {isa = PBXFileReference; lastKnownFileType = folder.assetcatalog; path = Assets.xcassets; sourceTree = "<group>"; };
		B53FCF5A2482016100F058F1 /* Base */ = {isa = PBXFileReference; lastKnownFileType = file.storyboard; name = Base; path = Base.lproj/LaunchScreen.storyboard; sourceTree = "<group>"; };
		B53FCF5C2482016100F058F1 /* Info.plist */ = {isa = PBXFileReference; lastKnownFileType = text.plist.xml; path = Info.plist; sourceTree = "<group>"; };
		B53FCF8E2485859D00F058F1 /* CalculatorButton.swift */ = {isa = PBXFileReference; lastKnownFileType = sourcecode.swift; path = CalculatorButton.swift; sourceTree = "<group>"; };
		B53FCF90248585B000F058F1 /* Calculator.swift */ = {isa = PBXFileReference; lastKnownFileType = sourcecode.swift; path = Calculator.swift; sourceTree = "<group>"; };
/* End PBXFileReference section */

/* Begin PBXFrameworksBuildPhase section */
		B53FCF482482015E00F058F1 /* Frameworks */ = {
			isa = PBXFrameworksBuildPhase;
			buildActionMask = 2147483647;
			files = (
			);
			runOnlyForDeploymentPostprocessing = 0;
		};
/* End PBXFrameworksBuildPhase section */

/* Begin PBXGroup section */
		B53FCF422482015E00F058F1 = {
			isa = PBXGroup;
			children = (
				B53FCF4D2482015E00F058F1 /* CoolCalc */,
				B53FCF4C2482015E00F058F1 /* Products */,
			);
			sourceTree = "<group>";
		};
		B53FCF4C2482015E00F058F1 /* Products */ = {
			isa = PBXGroup;
			children = (
				B53FCF4B2482015E00F058F1 /* CoolCalc.app */,
			);
			name = Products;
			sourceTree = "<group>";
		};
		B53FCF4D2482015E00F058F1 /* CoolCalc */ = {
			isa = PBXGroup;
			children = (
				B53FCF8D2485858400F058F1 /* Model */,
				B53FCF8C2485857F00F058F1 /* View */,
				B53FCF8B2485857800F058F1 /* Controller */,
				B53FCF4E2482015E00F058F1 /* AppDelegate.swift */,
				B53FCF502482015E00F058F1 /* SceneDelegate.swift */,
				B53FCF542482015E00F058F1 /* Main.storyboard */,
				B53FCF572482016100F058F1 /* Assets.xcassets */,
				B53FCF592482016100F058F1 /* LaunchScreen.storyboard */,
				B53FCF5C2482016100F058F1 /* Info.plist */,
			);
			path = CoolCalc;
			sourceTree = "<group>";
		};
		B53FCF8B2485857800F058F1 /* Controller */ = {
			isa = PBXGroup;
			children = (
				B53FCF522482015E00F058F1 /* ViewController.swift */,
			);
			path = Controller;
			sourceTree = "<group>";
		};
		B53FCF8C2485857F00F058F1 /* View */ = {
			isa = PBXGroup;
			children = (
				B53FCF8E2485859D00F058F1 /* CalculatorButton.swift */,
			);
			path = View;
			sourceTree = "<group>";
		};
		B53FCF8D2485858400F058F1 /* Model */ = {
			isa = PBXGroup;
			children = (
				B53FCF90248585B000F058F1 /* Calculator.swift */,
			);
			path = Model;
			sourceTree = "<group>";
		};
/* End PBXGroup section */

/* Begin PBXNativeTarget section */
		B53FCF4A2482015E00F058F1 /* CoolCalc */ = {
			isa = PBXNativeTarget;
			buildConfigurationList = B53FCF5F2482016100F058F1 /* Build configuration list for PBXNativeTarget "CoolCalc" */;
			buildPhases = (
				B53FCF472482015E00F058F1 /* Sources */,
				B53FCF482482015E00F058F1 /* Frameworks */,
				B53FCF492482015E00F058F1 /* Resources */,
			);
			buildRules = (
			);
			dependencies = (
			);
			name = CoolCalc;
			productName = CoolCalc;
			productReference = B53FCF4B2482015E00F058F1 /* CoolCalc.app */;
			productType = "com.apple.product-type.application";
		};
/* End PBXNativeTarget section */

/* Begin PBXProject section */
		B53FCF432482015E00F058F1 /* Project object */ = {
			isa = PBXProject;
			attributes = {
				KnownAssetTags = (
					"+",
				);
				LastSwiftUpdateCheck = 1150;
				LastUpgradeCheck = 1150;
				ORGANIZATIONNAME = devNasium;
				TargetAttributes = {
					B53FCF4A2482015E00F058F1 = {
						CreatedOnToolsVersion = 11.5;
					};
				};
			};
			buildConfigurationList = B53FCF462482015E00F058F1 /* Build configuration list for PBXProject "CoolCalc" */;
			compatibilityVersion = "Xcode 9.3";
			developmentRegion = en;
			hasScannedForEncodings = 0;
			knownRegions = (
				en,
				Base,
			);
			mainGroup = B53FCF422482015E00F058F1;
			productRefGroup = B53FCF4C2482015E00F058F1 /* Products */;
			projectDirPath = "";
			projectRoot = "";
			targets = (
				B53FCF4A2482015E00F058F1 /* CoolCalc */,
			);
		};
/* End PBXProject section */

/* Begin PBXResourcesBuildPhase section */
		B53FCF492482015E00F058F1 /* Resources */ = {
			isa = PBXResourcesBuildPhase;
			buildActionMask = 2147483647;
			files = (
				B53FCF5B2482016100F058F1 /* LaunchScreen.storyboard in Resources */,
				B53FCF582482016100F058F1 /* Assets.xcassets in Resources */,
				B53FCF562482015E00F058F1 /* Main.storyboard in Resources */,
			);
			runOnlyForDeploymentPostprocessing = 0;
		};
/* End PBXResourcesBuildPhase section */

/* Begin PBXSourcesBuildPhase section */
		B53FCF472482015E00F058F1 /* Sources */ = {
			isa = PBXSourcesBuildPhase;
			buildActionMask = 2147483647;
			files = (
				B53FCF532482015E00F058F1 /* ViewController.swift in Sources */,
				B53FCF4F2482015E00F058F1 /* AppDelegate.swift in Sources */,
				B53FCF512482015E00F058F1 /* SceneDelegate.swift in Sources */,
				B53FCF91248585B000F058F1 /* Calculator.swift in Sources */,
				B53FCF8F2485859D00F058F1 /* CalculatorButton.swift in Sources */,
			);
			runOnlyForDeploymentPostprocessing = 0;
		};
/* End PBXSourcesBuildPhase section */

/* Begin PBXVariantGroup section */
		B53FCF542482015E00F058F1 /* Main.storyboard */ = {
			isa = PBXVariantGroup;
			children = (
				B53FCF552482015E00F058F1 /* Base */,
			);
			name = Main.storyboard;
			sourceTree = "<group>";
		};
		B53FCF592482016100F058F1 /* LaunchScreen.storyboard */ = {
			isa = PBXVariantGroup;
			children = (
				B53FCF5A2482016100F058F1 /* Base */,
			);
			name = LaunchScreen.storyboard;
			sourceTree = "<group>";
		};
/* End PBXVariantGroup section */

/* Begin XCBuildConfiguration section */
		B53FCF5D2482016100F058F1 /* Debug */ = {
			isa = XCBuildConfiguration;
			buildSettings = {
				ALWAYS_SEARCH_USER_PATHS = NO;
				CLANG_ANALYZER_NONNULL = YES;
				CLANG_ANALYZER_NUMBER_OBJECT_CONVERSION = YES_AGGRESSIVE;
				CLANG_CXX_LANGUAGE_STANDARD = "gnu++14";
				CLANG_CXX_LIBRARY = "libc++";
				CLANG_ENABLE_MODULES = YES;
				CLANG_ENABLE_OBJC_ARC = YES;
				CLANG_ENABLE_OBJC_WEAK = YES;
				CLANG_WARN_BLOCK_CAPTURE_AUTORELEASING = YES;
				CLANG_WARN_BOOL_CONVERSION = YES;
				CLANG_WARN_COMMA = YES;
				CLANG_WARN_CONSTANT_CONVERSION = YES;
				CLANG_WARN_DEPRECATED_OBJC_IMPLEMENTATIONS = YES;
				CLANG_WARN_DIRECT_OBJC_ISA_USAGE = YES_ERROR;
				CLANG_WARN_DOCUMENTATION_COMMENTS = YES;
				CLANG_WARN_EMPTY_BODY = YES;
				CLANG_WARN_ENUM_CONVERSION = YES;
				CLANG_WARN_INFINITE_RECURSION = YES;
				CLANG_WARN_INT_CONVERSION = YES;
				CLANG_WARN_NON_LITERAL_NULL_CONVERSION = YES;
				CLANG_WARN_OBJC_IMPLICIT_RETAIN_SELF = YES;
				CLANG_WARN_OBJC_LITERAL_CONVERSION = YES;
				CLANG_WARN_OBJC_ROOT_CLASS = YES_ERROR;
				CLANG_WARN_RANGE_LOOP_ANALYSIS = YES;
				CLANG_WARN_STRICT_PROTOTYPES = YES;
				CLANG_WARN_SUSPICIOUS_MOVE = YES;
				CLANG_WARN_UNGUARDED_AVAILABILITY = YES_AGGRESSIVE;
				CLANG_WARN_UNREACHABLE_CODE = YES;
				CLANG_WARN__DUPLICATE_METHOD_MATCH = YES;
				COPY_PHASE_STRIP = NO;
				DEBUG_INFORMATION_FORMAT = dwarf;
				ENABLE_STRICT_OBJC_MSGSEND = YES;
				ENABLE_TESTABILITY = YES;
				GCC_C_LANGUAGE_STANDARD = gnu11;
				GCC_DYNAMIC_NO_PIC = NO;
				GCC_NO_COMMON_BLOCKS = YES;
				GCC_OPTIMIZATION_LEVEL = 0;
				GCC_PREPROCESSOR_DEFINITIONS = (
					"DEBUG=1",
					"$(inherited)",
				);
				GCC_WARN_64_TO_32_BIT_CONVERSION = YES;
				GCC_WARN_ABOUT_RETURN_TYPE = YES_ERROR;
				GCC_WARN_UNDECLARED_SELECTOR = YES;
				GCC_WARN_UNINITIALIZED_AUTOS = YES_AGGRESSIVE;
				GCC_WARN_UNUSED_FUNCTION = YES;
				GCC_WARN_UNUSED_VARIABLE = YES;
				IPHONEOS_DEPLOYMENT_TARGET = 13.5;
				MTL_ENABLE_DEBUG_INFO = INCLUDE_SOURCE;
				MTL_FAST_MATH = YES;
				ONLY_ACTIVE_ARCH = YES;
				SDKROOT = iphoneos;
				SWIFT_ACTIVE_COMPILATION_CONDITIONS = DEBUG;
				SWIFT_OPTIMIZATION_LEVEL = "-Onone";
			};
			name = Debug;
		};
		B53FCF5E2482016100F058F1 /* Release */ = {
			isa = XCBuildConfiguration;
			buildSettings = {
				ALWAYS_SEARCH_USER_PATHS = NO;
				CLANG_ANALYZER_NONNULL = YES;
				CLANG_ANALYZER_NUMBER_OBJECT_CONVERSION = YES_AGGRESSIVE;
				CLANG_CXX_LANGUAGE_STANDARD = "gnu++14";
				CLANG_CXX_LIBRARY = "libc++";
				CLANG_ENABLE_MODULES = YES;
				CLANG_ENABLE_OBJC_ARC = YES;
				CLANG_ENABLE_OBJC_WEAK = YES;
				CLANG_WARN_BLOCK_CAPTURE_AUTORELEASING = YES;
				CLANG_WARN_BOOL_CONVERSION = YES;
				CLANG_WARN_COMMA = YES;
				CLANG_WARN_CONSTANT_CONVERSION = YES;
				CLANG_WARN_DEPRECATED_OBJC_IMPLEMENTATIONS = YES;
				CLANG_WARN_DIRECT_OBJC_ISA_USAGE = YES_ERROR;
				CLANG_WARN_DOCUMENTATION_COMMENTS = YES;
				CLANG_WARN_EMPTY_BODY = YES;
				CLANG_WARN_ENUM_CONVERSION = YES;
				CLANG_WARN_INFINITE_RECURSION = YES;
				CLANG_WARN_INT_CONVERSION = YES;
				CLANG_WARN_NON_LITERAL_NULL_CONVERSION = YES;
				CLANG_WARN_OBJC_IMPLICIT_RETAIN_SELF = YES;
				CLANG_WARN_OBJC_LITERAL_CONVERSION = YES;
				CLANG_WARN_OBJC_ROOT_CLASS = YES_ERROR;
				CLANG_WARN_RANGE_LOOP_ANALYSIS = YES;
				CLANG_WARN_STRICT_PROTOTYPES = YES;
				CLANG_WARN_SUSPICIOUS_MOVE = YES;
				CLANG_WARN_UNGUARDED_AVAILABILITY = YES_AGGRESSIVE;
				CLANG_WARN_UNREACHABLE_CODE = YES;
				CLANG_WARN__DUPLICATE_METHOD_MATCH = YES;
				COPY_PHASE_STRIP = NO;
				DEBUG_INFORMATION_FORMAT = "dwarf-with-dsym";
				ENABLE_NS_ASSERTIONS = NO;
				ENABLE_STRICT_OBJC_MSGSEND = YES;
				GCC_C_LANGUAGE_STANDARD = gnu11;
				GCC_NO_COMMON_BLOCKS = YES;
				GCC_WARN_64_TO_32_BIT_CONVERSION = YES;
				GCC_WARN_ABOUT_RETURN_TYPE = YES_ERROR;
				GCC_WARN_UNDECLARED_SELECTOR = YES;
				GCC_WARN_UNINITIALIZED_AUTOS = YES_AGGRESSIVE;
				GCC_WARN_UNUSED_FUNCTION = YES;
				GCC_WARN_UNUSED_VARIABLE = YES;
				IPHONEOS_DEPLOYMENT_TARGET = 13.5;
				MTL_ENABLE_DEBUG_INFO = NO;
				MTL_FAST_MATH = YES;
				SDKROOT = iphoneos;
				SWIFT_COMPILATION_MODE = wholemodule;
				SWIFT_OPTIMIZATION_LEVEL = "-O";
				VALIDATE_PRODUCT = YES;
			};
			name = Release;
		};
		B53FCF602482016100F058F1 /* Debug */ = {
			isa = XCBuildConfiguration;
			buildSettings = {
				ASSETCATALOG_COMPILER_APPICON_NAME = AppIcon;
				CODE_SIGN_STYLE = Automatic;
				DEVELOPMENT_TEAM = 35D5MY3UD7;
				INFOPLIST_FILE = CoolCalc/Info.plist;
				LD_RUNPATH_SEARCH_PATHS = (
					"$(inherited)",
					"@executable_path/Frameworks",
				);
				PRODUCT_BUNDLE_IDENTIFIER = net.devnasium.CoolCalc;
				PRODUCT_NAME = "$(TARGET_NAME)";
				SWIFT_VERSION = 5.0;
				TARGETED_DEVICE_FAMILY = "1,2";
			};
			name = Debug;
		};
		B53FCF612482016100F058F1 /* Release */ = {
			isa = XCBuildConfiguration;
			buildSettings = {
				ASSETCATALOG_COMPILER_APPICON_NAME = AppIcon;
				CODE_SIGN_STYLE = Automatic;
				DEVELOPMENT_TEAM = 35D5MY3UD7;
				INFOPLIST_FILE = CoolCalc/Info.plist;
				LD_RUNPATH_SEARCH_PATHS = (
					"$(inherited)",
					"@executable_path/Frameworks",
				);
				PRODUCT_BUNDLE_IDENTIFIER = net.devnasium.CoolCalc;
				PRODUCT_NAME = "$(TARGET_NAME)";
				SWIFT_VERSION = 5.0;
				TARGETED_DEVICE_FAMILY = "1,2";
			};
			name = Release;
		};
/* End XCBuildConfiguration section */

/* Begin XCConfigurationList section */
		B53FCF462482015E00F058F1 /* Build configuration list for PBXProject "CoolCalc" */ = {
			isa = XCConfigurationList;
			buildConfigurations = (
				B53FCF5D2482016100F058F1 /* Debug */,
				B53FCF5E2482016100F058F1 /* Release */,
			);
			defaultConfigurationIsVisible = 0;
			defaultConfigurationName = Release;
		};
		B53FCF5F2482016100F058F1 /* Build configuration list for PBXNativeTarget "CoolCalc" */ = {
			isa = XCConfigurationList;
			buildConfigurations = (
				B53FCF602482016100F058F1 /* Debug */,
				B53FCF612482016100F058F1 /* Release */,
			);
			defaultConfigurationIsVisible = 0;
			defaultConfigurationName = Release;
		};
/* End XCConfigurationList section */
	};
	rootObject = B53FCF432482015E00F058F1 /* Project object */;
}
